// !$*UTF8*$!
{
	archiveVersion = 1;
	classes = {
	};
	objectVersion = 46;
	objects = {

/* Begin PBXBuildFile section */
		8B4712AF1AFB274E0090B568 /* AppDelegate.swift in Sources */ = {isa = PBXBuildFile; fileRef = 8B4712AE1AFB274E0090B568 /* AppDelegate.swift */; };
		8B4712B21AFB274E0090B568 /* Example.xcdatamodeld in Sources */ = {isa = PBXBuildFile; fileRef = 8B4712B01AFB274E0090B568 /* Example.xcdatamodeld */; };
		8B4712B41AFB274E0090B568 /* ViewController.swift in Sources */ = {isa = PBXBuildFile; fileRef = 8B4712B31AFB274E0090B568 /* ViewController.swift */; };
		8B4712B71AFB274E0090B568 /* Main.storyboard in Resources */ = {isa = PBXBuildFile; fileRef = 8B4712B51AFB274E0090B568 /* Main.storyboard */; };
		8B4712B91AFB274E0090B568 /* Images.xcassets in Resources */ = {isa = PBXBuildFile; fileRef = 8B4712B81AFB274E0090B568 /* Images.xcassets */; };
		8B4712BC1AFB274E0090B568 /* LaunchScreen.xib in Resources */ = {isa = PBXBuildFile; fileRef = 8B4712BA1AFB274E0090B568 /* LaunchScreen.xib */; };
		8B4712C81AFB274E0090B568 /* ExampleTests.swift in Sources */ = {isa = PBXBuildFile; fileRef = 8B4712C71AFB274E0090B568 /* ExampleTests.swift */; };
		8B47132B1AFB2DA00090B568 /* MySwiftPod.framework in Frameworks */ = {isa = PBXBuildFile; fileRef = 8B4713251AFB2B2C0090B568 /* MySwiftPod.framework */; };
		8B47132F1AFB2E840090B568 /* MySwiftPod.framework in Copy Files (1 item) */ = {isa = PBXBuildFile; fileRef = 8B4713251AFB2B2C0090B568 /* MySwiftPod.framework */; settings = {ATTRIBUTES = (CodeSignOnCopy, RemoveHeadersOnCopy, ); }; };
/* End PBXBuildFile section */

/* Begin PBXContainerItemProxy section */
		8B4712C21AFB274E0090B568 /* PBXContainerItemProxy */ = {
			isa = PBXContainerItemProxy;
			containerPortal = 8B4712A11AFB274E0090B568 /* Project object */;
			proxyType = 1;
			remoteGlobalIDString = 8B4712A81AFB274E0090B568;
			remoteInfo = Example;
		};
		8B4713241AFB2B2C0090B568 /* PBXContainerItemProxy */ = {
			isa = PBXContainerItemProxy;
			containerPortal = 8B47131F1AFB2B2C0090B568 /* MySwiftPod.xcodeproj */;
			proxyType = 2;
			remoteGlobalIDString = 8B4713011AFB29050090B568;
			remoteInfo = MySwiftPod;
		};
		8B4713261AFB2B2C0090B568 /* PBXContainerItemProxy */ = {
			isa = PBXContainerItemProxy;
			containerPortal = 8B47131F1AFB2B2C0090B568 /* MySwiftPod.xcodeproj */;
			proxyType = 2;
			remoteGlobalIDString = 8B47130C1AFB29050090B568;
			remoteInfo = MySwiftPodTests;
		};
		8B4713291AFB2D980090B568 /* PBXContainerItemProxy */ = {
			isa = PBXContainerItemProxy;
			containerPortal = 8B47131F1AFB2B2C0090B568 /* MySwiftPod.xcodeproj */;
			proxyType = 1;
			remoteGlobalIDString = 8B4713001AFB29050090B568;
			remoteInfo = MySwiftPod;
		};
/* End PBXContainerItemProxy section */

/* Begin PBXCopyFilesBuildPhase section */
		8B47132E1AFB2E6B0090B568 /* Copy Files (1 item) */ = {
			isa = PBXCopyFilesBuildPhase;
			buildActionMask = 2147483647;
			dstPath = "";
			dstSubfolderSpec = 10;
			files = (
				8B47132F1AFB2E840090B568 /* MySwiftPod.framework in Copy Files (1 item) */,
			);
			name = "Copy Files (1 item)";
			runOnlyForDeploymentPostprocessing = 0;
		};
/* End PBXCopyFilesBuildPhase section */

/* Begin PBXFileReference section */
		8B4712A91AFB274E0090B568 /* Example.app */ = {isa = PBXFileReference; explicitFileType = wrapper.application; includeInIndex = 0; path = Example.app; sourceTree = BUILT_PRODUCTS_DIR; };
		8B4712AD1AFB274E0090B568 /* Info.plist */ = {isa = PBXFileReference; lastKnownFileType = text.plist.xml; path = Info.plist; sourceTree = "<group>"; };
		8B4712AE1AFB274E0090B568 /* AppDelegate.swift */ = {isa = PBXFileReference; lastKnownFileType = sourcecode.swift; path = AppDelegate.swift; sourceTree = "<group>"; };
		8B4712B11AFB274E0090B568 /* Example.xcdatamodel */ = {isa = PBXFileReference; lastKnownFileType = wrapper.xcdatamodel; path = Example.xcdatamodel; sourceTree = "<group>"; };
		8B4712B31AFB274E0090B568 /* ViewController.swift */ = {isa = PBXFileReference; lastKnownFileType = sourcecode.swift; path = ViewController.swift; sourceTree = "<group>"; };
		8B4712B61AFB274E0090B568 /* Base */ = {isa = PBXFileReference; lastKnownFileType = file.storyboard; name = Base; path = Base.lproj/Main.storyboard; sourceTree = "<group>"; };
		8B4712B81AFB274E0090B568 /* Images.xcassets */ = {isa = PBXFileReference; lastKnownFileType = folder.assetcatalog; path = Images.xcassets; sourceTree = "<group>"; };
		8B4712BB1AFB274E0090B568 /* Base */ = {isa = PBXFileReference; lastKnownFileType = file.xib; name = Base; path = Base.lproj/LaunchScreen.xib; sourceTree = "<group>"; };
		8B4712C11AFB274E0090B568 /* ExampleTests.xctest */ = {isa = PBXFileReference; explicitFileType = wrapper.cfbundle; includeInIndex = 0; path = ExampleTests.xctest; sourceTree = BUILT_PRODUCTS_DIR; };
		8B4712C61AFB274E0090B568 /* Info.plist */ = {isa = PBXFileReference; lastKnownFileType = text.plist.xml; path = Info.plist; sourceTree = "<group>"; };
		8B4712C71AFB274E0090B568 /* ExampleTests.swift */ = {isa = PBXFileReference; lastKnownFileType = sourcecode.swift; path = ExampleTests.swift; sourceTree = "<group>"; };
		8B47131F1AFB2B2C0090B568 /* MySwiftPod.xcodeproj */ = {isa = PBXFileReference; lastKnownFileType = "wrapper.pb-project"; name = MySwiftPod.xcodeproj; path = ../MySwiftPod/MySwiftPod.xcodeproj; sourceTree = "<group>"; };
/* End PBXFileReference section */

/* Begin PBXFrameworksBuildPhase section */
		8B4712A61AFB274E0090B568 /* Frameworks */ = {
			isa = PBXFrameworksBuildPhase;
			buildActionMask = 2147483647;
			files = (
				8B47132B1AFB2DA00090B568 /* MySwiftPod.framework in Frameworks */,
			);
			runOnlyForDeploymentPostprocessing = 0;
		};
		8B4712BE1AFB274E0090B568 /* Frameworks */ = {
			isa = PBXFrameworksBuildPhase;
			buildActionMask = 2147483647;
			files = (
			);
			runOnlyForDeploymentPostprocessing = 0;
		};
/* End PBXFrameworksBuildPhase section */

/* Begin PBXGroup section */
		8B4712A01AFB274E0090B568 = {
			isa = PBXGroup;
			children = (
				8B47131F1AFB2B2C0090B568 /* MySwiftPod.xcodeproj */,
				8B4712AB1AFB274E0090B568 /* Example */,
				8B4712C41AFB274E0090B568 /* ExampleTests */,
				8B4712AA1AFB274E0090B568 /* Products */,
			);
			sourceTree = "<group>";
		};
		8B4712AA1AFB274E0090B568 /* Products */ = {
			isa = PBXGroup;
			children = (
				8B4712A91AFB274E0090B568 /* Example.app */,
				8B4712C11AFB274E0090B568 /* ExampleTests.xctest */,
			);
			name = Products;
			sourceTree = "<group>";
		};
		8B4712AB1AFB274E0090B568 /* Example */ = {
			isa = PBXGroup;
			children = (
				8B4712AE1AFB274E0090B568 /* AppDelegate.swift */,
				8B4712B31AFB274E0090B568 /* ViewController.swift */,
				8B4712B51AFB274E0090B568 /* Main.storyboard */,
				8B4712B81AFB274E0090B568 /* Images.xcassets */,
				8B4712BA1AFB274E0090B568 /* LaunchScreen.xib */,
				8B4712B01AFB274E0090B568 /* Example.xcdatamodeld */,
				8B4712AC1AFB274E0090B568 /* Supporting Files */,
			);
			path = Example;
			sourceTree = "<group>";
		};
		8B4712AC1AFB274E0090B568 /* Supporting Files */ = {
			isa = PBXGroup;
			children = (
				8B4712AD1AFB274E0090B568 /* Info.plist */,
			);
			name = "Supporting Files";
			sourceTree = "<group>";
		};
		8B4712C41AFB274E0090B568 /* ExampleTests */ = {
			isa = PBXGroup;
			children = (
				8B4712C71AFB274E0090B568 /* ExampleTests.swift */,
				8B4712C51AFB274E0090B568 /* Supporting Files */,
			);
			path = ExampleTests;
			sourceTree = "<group>";
		};
		8B4712C51AFB274E0090B568 /* Supporting Files */ = {
			isa = PBXGroup;
			children = (
				8B4712C61AFB274E0090B568 /* Info.plist */,
			);
			name = "Supporting Files";
			sourceTree = "<group>";
		};
		8B4713201AFB2B2C0090B568 /* Products */ = {
			isa = PBXGroup;
			children = (
				8B4713251AFB2B2C0090B568 /* MySwiftPod.framework */,
				8B4713271AFB2B2C0090B568 /* MySwiftPodTests.xctest */,
			);
			name = Products;
			sourceTree = "<group>";
		};
/* End PBXGroup section */

/* Begin PBXNativeTarget section */
		8B4712A81AFB274E0090B568 /* Example */ = {
			isa = PBXNativeTarget;
			buildConfigurationList = 8B4712CB1AFB274E0090B568 /* Build configuration list for PBXNativeTarget "Example" */;
			buildPhases = (
				8B4712A51AFB274E0090B568 /* Sources */,
				8B4712A61AFB274E0090B568 /* Frameworks */,
				8B4712A71AFB274E0090B568 /* Resources */,
				8B47132E1AFB2E6B0090B568 /* Copy Files (1 item) */,
			);
			buildRules = (
			);
			dependencies = (
				8B47132A1AFB2D980090B568 /* PBXTargetDependency */,
			);
			name = Example;
			productName = Example;
			productReference = 8B4712A91AFB274E0090B568 /* Example.app */;
			productType = "com.apple.product-type.application";
		};
		8B4712C01AFB274E0090B568 /* ExampleTests */ = {
			isa = PBXNativeTarget;
			buildConfigurationList = 8B4712CE1AFB274E0090B568 /* Build configuration list for PBXNativeTarget "ExampleTests" */;
			buildPhases = (
				8B4712BD1AFB274E0090B568 /* Sources */,
				8B4712BE1AFB274E0090B568 /* Frameworks */,
				8B4712BF1AFB274E0090B568 /* Resources */,
			);
			buildRules = (
			);
			dependencies = (
				8B4712C31AFB274E0090B568 /* PBXTargetDependency */,
			);
			name = ExampleTests;
			productName = ExampleTests;
			productReference = 8B4712C11AFB274E0090B568 /* ExampleTests.xctest */;
			productType = "com.apple.product-type.bundle.unit-test";
		};
/* End PBXNativeTarget section */

/* Begin PBXProject section */
		8B4712A11AFB274E0090B568 /* Project object */ = {
			isa = PBXProject;
			attributes = {
				LastUpgradeCheck = 0630;
				ORGANIZATIONNAME = Zamzam;
				TargetAttributes = {
					8B4712A81AFB274E0090B568 = {
						CreatedOnToolsVersion = 6.3.1;
					};
					8B4712C01AFB274E0090B568 = {
						CreatedOnToolsVersion = 6.3.1;
						TestTargetID = 8B4712A81AFB274E0090B568;
					};
				};
			};
			buildConfigurationList = 8B4712A41AFB274E0090B568 /* Build configuration list for PBXProject "Example" */;
			compatibilityVersion = "Xcode 3.2";
			developmentRegion = English;
			hasScannedForEncodings = 0;
			knownRegions = (
				en,
				Base,
			);
			mainGroup = 8B4712A01AFB274E0090B568;
			productRefGroup = 8B4712AA1AFB274E0090B568 /* Products */;
			projectDirPath = "";
			projectReferences = (
				{
					ProductGroup = 8B4713201AFB2B2C0090B568 /* Products */;
					ProjectRef = 8B47131F1AFB2B2C0090B568 /* MySwiftPod.xcodeproj */;
				},
			);
			projectRoot = "";
			targets = (
				8B4712A81AFB274E0090B568 /* Example */,
				8B4712C01AFB274E0090B568 /* ExampleTests */,
			);
		};
/* End PBXProject section */

/* Begin PBXReferenceProxy section */
		8B4713251AFB2B2C0090B568 /* MySwiftPod.framework */ = {
			isa = PBXReferenceProxy;
			fileType = wrapper.framework;
			path = MySwiftPod.framework;
			remoteRef = 8B4713241AFB2B2C0090B568 /* PBXContainerItemProxy */;
			sourceTree = BUILT_PRODUCTS_DIR;
		};
		8B4713271AFB2B2C0090B568 /* MySwiftPodTests.xctest */ = {
			isa = PBXReferenceProxy;
			fileType = wrapper.cfbundle;
			path = MySwiftPodTests.xctest;
			remoteRef = 8B4713261AFB2B2C0090B568 /* PBXContainerItemProxy */;
			sourceTree = BUILT_PRODUCTS_DIR;
		};
/* End PBXReferenceProxy section */

/* Begin PBXResourcesBuildPhase section */
		8B4712A71AFB274E0090B568 /* Resources */ = {
			isa = PBXResourcesBuildPhase;
			buildActionMask = 2147483647;
			files = (
				8B4712B71AFB274E0090B568 /* Main.storyboard in Resources */,
				8B4712BC1AFB274E0090B568 /* LaunchScreen.xib in Resources */,
				8B4712B91AFB274E0090B568 /* Images.xcassets in Resources */,
			);
			runOnlyForDeploymentPostprocessing = 0;
		};
		8B4712BF1AFB274E0090B568 /* Resources */ = {
			isa = PBXResourcesBuildPhase;
			buildActionMask = 2147483647;
			files = (
			);
			runOnlyForDeploymentPostprocessing = 0;
		};
/* End PBXResourcesBuildPhase section */

/* Begin PBXSourcesBuildPhase section */
		8B4712A51AFB274E0090B568 /* Sources */ = {
			isa = PBXSourcesBuildPhase;
			buildActionMask = 2147483647;
			files = (
				8B4712B41AFB274E0090B568 /* ViewController.swift in Sources */,
				8B4712B21AFB274E0090B568 /* Example.xcdatamodeld in Sources */,
				8B4712AF1AFB274E0090B568 /* AppDelegate.swift in Sources */,
			);
			runOnlyForDeploymentPostprocessing = 0;
		};
		8B4712BD1AFB274E0090B568 /* Sources */ = {
			isa = PBXSourcesBuildPhase;
			buildActionMask = 2147483647;
			files = (
				8B4712C81AFB274E0090B568 /* ExampleTests.swift in Sources */,
			);
			runOnlyForDeploymentPostprocessing = 0;
		};
/* End PBXSourcesBuildPhase section */

/* Begin PBXTargetDependency section */
		8B4712C31AFB274E0090B568 /* PBXTargetDependency */ = {
			isa = PBXTargetDependency;
			target = 8B4712A81AFB274E0090B568 /* Example */;
			targetProxy = 8B4712C21AFB274E0090B568 /* PBXContainerItemProxy */;
		};
		8B47132A1AFB2D980090B568 /* PBXTargetDependency */ = {
			isa = PBXTargetDependency;
			name = MySwiftPod;
			targetProxy = 8B4713291AFB2D980090B568 /* PBXContainerItemProxy */;
		};
/* End PBXTargetDependency section */

/* Begin PBXVariantGroup section */
		8B4712B51AFB274E0090B568 /* Main.storyboard */ = {
			isa = PBXVariantGroup;
			children = (
				8B4712B61AFB274E0090B568 /* Base */,
			);
			name = Main.storyboard;
			sourceTree = "<group>";
		};
		8B4712BA1AFB274E0090B568 /* LaunchScreen.xib */ = {
			isa = PBXVariantGroup;
			children = (
				8B4712BB1AFB274E0090B568 /* Base */,
			);
			name = LaunchScreen.xib;
			sourceTree = "<group>";
		};
/* End PBXVariantGroup section */

/* Begin XCBuildConfiguration section */
		8B4712C91AFB274E0090B568 /* Debug */ = {
			isa = XCBuildConfiguration;
			buildSettings = {
				ALWAYS_SEARCH_USER_PATHS = NO;
				CLANG_CXX_LANGUAGE_STANDARD = "gnu++0x";
				CLANG_CXX_LIBRARY = "libc++";
				CLANG_ENABLE_MODULES = YES;
				CLANG_ENABLE_OBJC_ARC = YES;
				CLANG_WARN_BOOL_CONVERSION = YES;
				CLANG_WARN_CONSTANT_CONVERSION = YES;
				CLANG_WARN_DIRECT_OBJC_ISA_USAGE = YES_ERROR;
				CLANG_WARN_EMPTY_BODY = YES;
				CLANG_WARN_ENUM_CONVERSION = YES;
				CLANG_WARN_INT_CONVERSION = YES;
				CLANG_WARN_OBJC_ROOT_CLASS = YES_ERROR;
				CLANG_WARN_UNREACHABLE_CODE = YES;
				CLANG_WARN__DUPLICATE_METHOD_MATCH = YES;
				"CODE_SIGN_IDENTITY[sdk=iphoneos*]" = "iPhone Developer";
				COPY_PHASE_STRIP = NO;
				DEBUG_INFORMATION_FORMAT = "dwarf-with-dsym";
				ENABLE_STRICT_OBJC_MSGSEND = YES;
				GCC_C_LANGUAGE_STANDARD = gnu99;
				GCC_DYNAMIC_NO_PIC = NO;
				GCC_NO_COMMON_BLOCKS = YES;
				GCC_OPTIMIZATION_LEVEL = 0;
				GCC_PREPROCESSOR_DEFINITIONS = (
					"DEBUG=1",
					"$(inherited)",
				);
				GCC_SYMBOLS_PRIVATE_EXTERN = NO;
				GCC_WARN_64_TO_32_BIT_CONVERSION = YES;
				GCC_WARN_ABOUT_RETURN_TYPE = YES_ERROR;
				GCC_WARN_UNDECLARED_SELECTOR = YES;
				GCC_WARN_UNINITIALIZED_AUTOS = YES_AGGRESSIVE;
				GCC_WARN_UNUSED_FUNCTION = YES;
				GCC_WARN_UNUSED_VARIABLE = YES;
				IPHONEOS_DEPLOYMENT_TARGET = 8.3;
				MTL_ENABLE_DEBUG_INFO = YES;
				ONLY_ACTIVE_ARCH = YES;
				SDKROOT = iphoneos;
				SWIFT_OPTIMIZATION_LEVEL = "-Onone";
			};
			name = Debug;
		};
		8B4712CA1AFB274E0090B568 /* Release */ = {
			isa = XCBuildConfiguration;
			buildSettings = {
				ALWAYS_SEARCH_USER_PATHS = NO;
				CLANG_CXX_LANGUAGE_STANDARD = "gnu++0x";
				CLANG_CXX_LIBRARY = "libc++";
				CLANG_ENABLE_MODULES = YES;
				CLANG_ENABLE_OBJC_ARC = YES;
				CLANG_WARN_BOOL_CONVERSION = YES;
				CLANG_WARN_CONSTANT_CONVERSION = YES;
				CLANG_WARN_DIRECT_OBJC_ISA_USAGE = YES_ERROR;
				CLANG_WARN_EMPTY_BODY = YES;
				CLANG_WARN_ENUM_CONVERSION = YES;
				CLANG_WARN_INT_CONVERSION = YES;
				CLANG_WARN_OBJC_ROOT_CLASS = YES_ERROR;
				CLANG_WARN_UNREACHABLE_CODE = YES;
				CLANG_WARN__DUPLICATE_METHOD_MATCH = YES;
				"CODE_SIGN_IDENTITY[sdk=iphoneos*]" = "iPhone Developer";
				COPY_PHASE_STRIP = NO;
				DEBUG_INFORMATION_FORMAT = "dwarf-with-dsym";
				ENABLE_NS_ASSERTIONS = NO;
				ENABLE_STRICT_OBJC_MSGSEND = YES;
				GCC_C_LANGUAGE_STANDARD = gnu99;
				GCC_NO_COMMON_BLOCKS = YES;
				GCC_WARN_64_TO_32_BIT_CONVERSION = YES;
				GCC_WARN_ABOUT_RETURN_TYPE = YES_ERROR;
				GCC_WARN_UNDECLARED_SELECTOR = YES;
				GCC_WARN_UNINITIALIZED_AUTOS = YES_AGGRESSIVE;
				GCC_WARN_UNUSED_FUNCTION = YES;
				GCC_WARN_UNUSED_VARIABLE = YES;
				IPHONEOS_DEPLOYMENT_TARGET = 8.3;
				MTL_ENABLE_DEBUG_INFO = NO;
				SDKROOT = iphoneos;
				VALIDATE_PRODUCT = YES;
			};
			name = Release;
		};
		8B4712CC1AFB274E0090B568 /* Debug */ = {
			isa = XCBuildConfiguration;
			buildSettings = {
				ASSETCATALOG_COMPILER_APPICON_NAME = AppIcon;
				INFOPLIST_FILE = Example/Info.plist;
				LD_RUNPATH_SEARCH_PATHS = "$(inherited) @executable_path/Frameworks";
				PRODUCT_NAME = "$(TARGET_NAME)";
			};
			name = Debug;
		};
		8B4712CD1AFB274E0090B568 /* Release */ = {
			isa = XCBuildConfiguration;
			buildSettings = {
				ASSETCATALOG_COMPILER_APPICON_NAME = AppIcon;
				INFOPLIST_FILE = Example/Info.plist;
				LD_RUNPATH_SEARCH_PATHS = "$(inherited) @executable_path/Frameworks";
				PRODUCT_NAME = "$(TARGET_NAME)";
			};
			name = Release;
		};
		8B4712CF1AFB274E0090B568 /* Debug */ = {
			isa = XCBuildConfiguration;
			buildSettings = {
				BUNDLE_LOADER = "$(TEST_HOST)";
				FRAMEWORK_SEARCH_PATHS = (
					"$(SDKROOT)/Developer/Library/Frameworks",
					"$(inherited)",
				);
				GCC_PREPROCESSOR_DEFINITIONS = (
					"DEBUG=1",
					"$(inherited)",
				);
				INFOPLIST_FILE = ExampleTests/Info.plist;
				LD_RUNPATH_SEARCH_PATHS = "$(inherited) @executable_path/Frameworks @loader_path/Frameworks";
				PRODUCT_NAME = "$(TARGET_NAME)";
				TEST_HOST = "$(BUILT_PRODUCTS_DIR)/Example.app/Example";
			};
			name = Debug;
		};
		8B4712D01AFB274E0090B568 /* Release */ = {
			isa = XCBuildConfiguration;
			buildSettings = {
				BUNDLE_LOADER = "$(TEST_HOST)";
				FRAMEWORK_SEARCH_PATHS = (
					"$(SDKROOT)/Developer/Library/Frameworks",
					"$(inherited)",
				);
				INFOPLIST_FILE = ExampleTests/Info.plist;
				LD_RUNPATH_SEARCH_PATHS = "$(inherited) @executable_path/Frameworks @loader_path/Frameworks";
				PRODUCT_NAME = "$(TARGET_NAME)";
				TEST_HOST = "$(BUILT_PRODUCTS_DIR)/Example.app/Example";
			};
			name = Release;
		};
/* End XCBuildConfiguration section */

/* Begin XCConfigurationList section */
		8B4712A41AFB274E0090B568 /* Build configuration list for PBXProject "Example" */ = {
			isa = XCConfigurationList;
			buildConfigurations = (
				8B4712C91AFB274E0090B568 /* Debug */,
				8B4712CA1AFB274E0090B568 /* Release */,
			);
			defaultConfigurationIsVisible = 0;
			defaultConfigurationName = Release;
		};
		8B4712CB1AFB274E0090B568 /* Build configuration list for PBXNativeTarget "Example" */ = {
			isa = XCConfigurationList;
			buildConfigurations = (
				8B4712CC1AFB274E0090B568 /* Debug */,
				8B4712CD1AFB274E0090B568 /* Release */,
			);
			defaultConfigurationIsVisible = 0;
		};
		8B4712CE1AFB274E0090B568 /* Build configuration list for PBXNativeTarget "ExampleTests" */ = {
			isa = XCConfigurationList;
			buildConfigurations = (
				8B4712CF1AFB274E0090B568 /* Debug */,
				8B4712D01AFB274E0090B568 /* Release */,
			);
			defaultConfigurationIsVisible = 0;
		};
/* End XCConfigurationList section */

/* Begin XCVersionGroup section */
		8B4712B01AFB274E0090B568 /* Example.xcdatamodeld */ = {
			isa = XCVersionGroup;
			children = (
				8B4712B11AFB274E0090B568 /* Example.xcdatamodel */,
			);
			currentVersion = 8B4712B11AFB274E0090B568 /* Example.xcdatamodel */;
			path = Example.xcdatamodeld;
			sourceTree = "<group>";
			versionGroupType = wrapper.xcdatamodel;
		};
/* End XCVersionGroup section */
	};
	rootObject = 8B4712A11AFB274E0090B568 /* Project object */;
}
